
Microsoft Visual Studio Solution File, Format Version 12.00
Project("{FAE04EC0-301F-11D3-BF4B-00C04F79EFBC}") = "graffino-online-store-api", "graffino-online-store-api\graffino-online-store-api.csproj", "{5E2F35C4-3E20-46C0-AB8C-7ED1696DBAC9}"
EndProject
Global
	GlobalSection(SolutionConfigurationPlatforms) = preSolution
		Debug|Any CPU = Debug|Any CPU
		Release|Any CPU = Release|Any CPU
	EndGlobalSection
	GlobalSection(ProjectConfigurationPlatforms) = postSolution
		{5E2F35C4-3E20-46C0-AB8C-7ED1696DBAC9}.Debug|Any CPU.ActiveCfg = Debug|Any CPU
		{5E2F35C4-3E20-46C0-AB8C-7ED1696DBAC9}.Debug|Any CPU.Build.0 = Debug|Any CPU
		{5E2F35C4-3E20-46C0-AB8C-7ED1696DBAC9}.Release|Any CPU.ActiveCfg = Release|Any CPU
		{5E2F35C4-3E20-46C0-AB8C-7ED1696DBAC9}.Release|Any CPU.Build.0 = Release|Any CPU
	EndGlobalSection
EndGlobal
